
Microsoft Visual Studio Solution File, Format Version 12.00
# Visual Studio Version 17
VisualStudioVersion = 17.0.31903.59
MinimumVisualStudioVersion = 10.0.40219.1
Project("{2150E333-8FDC-42A3-9474-1A3956D46DE8}") = "src", "src", "{3CAEB818-FE53-4616-AEA0-7AAA7EC5F699}"
EndProject
Project("{FAE04EC0-301F-11D3-BF4B-00C04F79EFBC}") = "TwinCatGateway.Contracts", "src\TwinCatGateway.Contracts\TwinCatGateway.Contracts.csproj", "{FEE2207A-719C-4347-99FB-C5FEEE6AF58C}"
EndProject
Project("{FAE04EC0-301F-11D3-BF4B-00C04F79EFBC}") = "TwinCatGateway.Core", "src\TwinCatGateway.Core\TwinCatGateway.Core.csproj", "{B763F8D1-526D-42A1-A95B-DA3677C2D2C3}"
EndProject
Project("{FAE04EC0-301F-11D3-BF4B-00C04F79EFBC}") = "TwinCatGateway.Xae", "src\TwinCatGateway.Xae\TwinCatGateway.Xae.csproj", "{B3A477F7-7034-420F-B727-1EE3BA3BDF29}"
EndProject
Project("{FAE04EC0-301F-11D3-BF4B-00C04F79EFBC}") = "TwinCatGateway.Desktop", "src\TwinCatGateway.Desktop\TwinCatGateway.Desktop.csproj", "{3467D226-71DE-4926-B5F5-5BB082D59B74}"
EndProject
Project("{FAE04EC0-301F-11D3-BF4B-00C04F79EFBC}") = "TwinCatGateway.Ipc", "src\TwinCatGateway.Ipc\TwinCatGateway.Ipc.csproj", "{A1D742E1-61A3-4C8D-B65F-201236DE18A9}"
EndProject
Project("{FAE04EC0-301F-11D3-BF4B-00C04F79EFBC}") = "TwinCatGateway.Client", "src\TwinCatGateway.Client\TwinCatGateway.Client.csproj", "{B2E853F2-72B4-4D9E-A760-312347EF29BA}"
EndProject
Project("{2150E333-8FDC-42A3-9474-1A3956D46DE8}") = "tests", "tests", "{D23141BA-3005-422B-82C8-8357A01C7C12}"
EndProject
Project("{FAE04EC0-301F-11D3-BF4B-00C04F79EFBC}") = "TwinCatGateway.UnitTests", "tests\TwinCatGateway.UnitTests\TwinCatGateway.UnitTests.csproj", "{C638DFA9-1092-4825-9139-479223D5C9B0}"
EndProject
Project("{FAE04EC0-301F-11D3-BF4B-00C04F79EFBC}") = "TwinCatGateway.ContractTests", "tests\TwinCatGateway.ContractTests\TwinCatGateway.ContractTests.csproj", "{5530D973-488D-4A75-B06F-9177DB7AFDC3}"
EndProject
Project("{FAE04EC0-301F-11D3-BF4B-00C04F79EFBC}") = "TwinCatGateway.ConfigurationTests", "tests\TwinCatGateway.ConfigurationTests\TwinCatGateway.ConfigurationTests.csproj", "{A5CC165B-51A4-4B5A-9588-C72C13EF7C0D}"
EndProject
Project("{FAE04EC0-301F-11D3-BF4B-00C04F79EFBC}") = "TwinCatGateway.MigrationTests", "tests\TwinCatGateway.MigrationTests\TwinCatGateway.MigrationTests.csproj", "{7CF31B11-47CD-4A12-AD99-ECFA868E9DC3}"
EndProject
Project("{FAE04EC0-301F-11D3-BF4B-00C04F79EFBC}") = "TwinCatGateway.ObservationMigrationTests", "tests\TwinCatGateway.MigrationTests\Observation\TwinCatGateway.ObservationMigrationTests.csproj", "{91B5F4A1-ED4E-49F5-9D06-2A2C6D2D4A5F}"
EndProject
Project("{FAE04EC0-301F-11D3-BF4B-00C04F79EFBC}") = "TwinCatGateway.XaeBuildMigrationTests", "tests\TwinCatGateway.MigrationTests\XaeBuild\TwinCatGateway.XaeBuildMigrationTests.csproj", "{C0BCFDC4-68F8-40F6-93B5-8127A4E7582B}"
EndProject
Project("{FAE04EC0-301F-11D3-BF4B-00C04F79EFBC}") = "TwinCatGateway.TargetOperationsMigrationTests", "tests\TwinCatGateway.MigrationTests\TargetOperations\TwinCatGateway.TargetOperationsMigrationTests.csproj", "{F9D17D42-EC0A-4C34-9716-EC40BD3740E4}"
EndProject
Project("{FAE04EC0-301F-11D3-BF4B-00C04F79EFBC}") = "TwinCatGateway.ActivationVerificationMigrationTests", "tests\TwinCatGateway.MigrationTests\ActivationVerification\TwinCatGateway.ActivationVerificationMigrationTests.csproj", "{A9E4C8D7-52B1-4D6A-90F3-7C2E1B8A5D44}"
EndProject
Project("{FAE04EC0-301F-11D3-BF4B-00C04F79EFBC}") = "TwinCatGateway.IntegrationTests", "tests\TwinCatGateway.IntegrationTests\TwinCatGateway.IntegrationTests.csproj", "{2B234FC2-F97C-48A1-94B1-1E10EF3903BB}"
EndProject
Project("{FAE04EC0-301F-11D3-BF4B-00C04F79EFBC}") = "TwinCatGateway.Ads", "src\TwinCatGateway.Ads\TwinCatGateway.Ads.csproj", "{174F23D2-404F-4779-BD3B-49D505B0CF30}"
EndProject
Project("{FAE04EC0-301F-11D3-BF4B-00C04F79EFBC}") = "TwinCatGateway.Cli", "src\TwinCatGateway.Cli\TwinCatGateway.Cli.csproj", "{C357301E-D453-495A-884D-3ACF8B138CE5}"
EndProject
Project("{FAE04EC0-301F-11D3-BF4B-00C04F79EFBC}") = "TwinCatGateway.Mcp", "src\TwinCatGateway.Mcp\TwinCatGateway.Mcp.csproj", "{4059CC4E-395B-41AE-A3D9-35CFA651CDDF}"
EndProject
Project("{2150E333-8FDC-42A3-9474-1A3956D46DE8}") = "MigrationTests", "MigrationTests", "{4E348DBA-2F90-44D0-BDEB-8F822334668A}"
EndProject
Project("{FAE04EC0-301F-11D3-BF4B-00C04F79EFBC}") = "TwinCatGateway.OperationJournalMigrationTests", "tests\TwinCatGateway.MigrationTests\OperationJournal\TwinCatGateway.OperationJournalMigrationTests.csproj", "{05863DE0-DB71-442B-AA97-9E3D9D43226F}"
EndProject
Project("{FAE04EC0-301F-11D3-BF4B-00C04F79EFBC}") = "TwinCatGateway.IpcV2MigrationTests", "tests\TwinCatGateway.MigrationTests\IpcV2\TwinCatGateway.IpcV2MigrationTests.csproj", "{D825956A-96D1-4CEE-9DD5-18C7F699CEF8}"
EndProject
Global
	GlobalSection(SolutionConfigurationPlatforms) = preSolution
		Debug|Any CPU = Debug|Any CPU
		Release|Any CPU = Release|Any CPU
	EndGlobalSection
	GlobalSection(SolutionProperties) = preSolution
		HideSolutionNode = FALSE
	EndGlobalSection
	GlobalSection(ProjectConfigurationPlatforms) = postSolution
		{FEE2207A-719C-4347-99FB-C5FEEE6AF58C}.Debug|Any CPU.ActiveCfg = Debug|Any CPU
		{FEE2207A-719C-4347-99FB-C5FEEE6AF58C}.Debug|Any CPU.Build.0 = Debug|Any CPU
		{FEE2207A-719C-4347-99FB-C5FEEE6AF58C}.Release|Any CPU.ActiveCfg = Release|Any CPU
		{FEE2207A-719C-4347-99FB-C5FEEE6AF58C}.Release|Any CPU.Build.0 = Release|Any CPU
		{B763F8D1-526D-42A1-A95B-DA3677C2D2C3}.Debug|Any CPU.ActiveCfg = Debug|Any CPU
		{B763F8D1-526D-42A1-A95B-DA3677C2D2C3}.Debug|Any CPU.Build.0 = Debug|Any CPU
		{B763F8D1-526D-42A1-A95B-DA3677C2D2C3}.Release|Any CPU.ActiveCfg = Release|Any CPU
		{B763F8D1-526D-42A1-A95B-DA3677C2D2C3}.Release|Any CPU.Build.0 = Release|Any CPU
		{B3A477F7-7034-420F-B727-1EE3BA3BDF29}.Debug|Any CPU.ActiveCfg = Debug|Any CPU
		{B3A477F7-7034-420F-B727-1EE3BA3BDF29}.Debug|Any CPU.Build.0 = Debug|Any CPU
		{B3A477F7-7034-420F-B727-1EE3BA3BDF29}.Release|Any CPU.ActiveCfg = Release|Any CPU
		{B3A477F7-7034-420F-B727-1EE3BA3BDF29}.Release|Any CPU.Build.0 = Release|Any CPU
		{3467D226-71DE-4926-B5F5-5BB082D59B74}.Debug|Any CPU.ActiveCfg = Debug|Any CPU
		{3467D226-71DE-4926-B5F5-5BB082D59B74}.Debug|Any CPU.Build.0 = Debug|Any CPU
		{3467D226-71DE-4926-B5F5-5BB082D59B74}.Release|Any CPU.ActiveCfg = Release|Any CPU
		{3467D226-71DE-4926-B5F5-5BB082D59B74}.Release|Any CPU.Build.0 = Release|Any CPU
		{A1D742E1-61A3-4C8D-B65F-201236DE18A9}.Debug|Any CPU.ActiveCfg = Debug|Any CPU
		{A1D742E1-61A3-4C8D-B65F-201236DE18A9}.Debug|Any CPU.Build.0 = Debug|Any CPU
		{A1D742E1-61A3-4C8D-B65F-201236DE18A9}.Release|Any CPU.ActiveCfg = Release|Any CPU
		{A1D742E1-61A3-4C8D-B65F-201236DE18A9}.Release|Any CPU.Build.0 = Release|Any CPU
		{B2E853F2-72B4-4D9E-A760-312347EF29BA}.Debug|Any CPU.ActiveCfg = Debug|Any CPU
		{B2E853F2-72B4-4D9E-A760-312347EF29BA}.Debug|Any CPU.Build.0 = Debug|Any CPU
		{B2E853F2-72B4-4D9E-A760-312347EF29BA}.Release|Any CPU.ActiveCfg = Release|Any CPU
		{B2E853F2-72B4-4D9E-A760-312347EF29BA}.Release|Any CPU.Build.0 = Release|Any CPU
		{C638DFA9-1092-4825-9139-479223D5C9B0}.Debug|Any CPU.ActiveCfg = Debug|Any CPU
		{C638DFA9-1092-4825-9139-479223D5C9B0}.Debug|Any CPU.Build.0 = Debug|Any CPU
		{C638DFA9-1092-4825-9139-479223D5C9B0}.Release|Any CPU.ActiveCfg = Release|Any CPU
		{C638DFA9-1092-4825-9139-479223D5C9B0}.Release|Any CPU.Build.0 = Release|Any CPU
		{5530D973-488D-4A75-B06F-9177DB7AFDC3}.Debug|Any CPU.ActiveCfg = Debug|Any CPU
		{5530D973-488D-4A75-B06F-9177DB7AFDC3}.Debug|Any CPU.Build.0 = Debug|Any CPU
		{5530D973-488D-4A75-B06F-9177DB7AFDC3}.Release|Any CPU.ActiveCfg = Release|Any CPU
		{5530D973-488D-4A75-B06F-9177DB7AFDC3}.Release|Any CPU.Build.0 = Release|Any CPU
		{A5CC165B-51A4-4B5A-9588-C72C13EF7C0D}.Debug|Any CPU.ActiveCfg = Debug|Any CPU
		{A5CC165B-51A4-4B5A-9588-C72C13EF7C0D}.Debug|Any CPU.Build.0 = Debug|Any CPU
		{A5CC165B-51A4-4B5A-9588-C72C13EF7C0D}.Release|Any CPU.ActiveCfg = Release|Any CPU
		{A5CC165B-51A4-4B5A-9588-C72C13EF7C0D}.Release|Any CPU.Build.0 = Release|Any CPU
		{7CF31B11-47CD-4A12-AD99-ECFA868E9DC3}.Debug|Any CPU.ActiveCfg = Debug|Any CPU
		{7CF31B11-47CD-4A12-AD99-ECFA868E9DC3}.Debug|Any CPU.Build.0 = Debug|Any CPU
		{7CF31B11-47CD-4A12-AD99-ECFA868E9DC3}.Release|Any CPU.ActiveCfg = Release|Any CPU
		{7CF31B11-47CD-4A12-AD99-ECFA868E9DC3}.Release|Any CPU.Build.0 = Release|Any CPU
		{91B5F4A1-ED4E-49F5-9D06-2A2C6D2D4A5F}.Debug|Any CPU.ActiveCfg = Debug|Any CPU
		{91B5F4A1-ED4E-49F5-9D06-2A2C6D2D4A5F}.Debug|Any CPU.Build.0 = Debug|Any CPU
		{91B5F4A1-ED4E-49F5-9D06-2A2C6D2D4A5F}.Release|Any CPU.ActiveCfg = Release|Any CPU
		{91B5F4A1-ED4E-49F5-9D06-2A2C6D2D4A5F}.Release|Any CPU.Build.0 = Release|Any CPU
		{C0BCFDC4-68F8-40F6-93B5-8127A4E7582B}.Debug|Any CPU.ActiveCfg = Debug|Any CPU
		{C0BCFDC4-68F8-40F6-93B5-8127A4E7582B}.Debug|Any CPU.Build.0 = Debug|Any CPU
		{C0BCFDC4-68F8-40F6-93B5-8127A4E7582B}.Release|Any CPU.ActiveCfg = Release|Any CPU
		{C0BCFDC4-68F8-40F6-93B5-8127A4E7582B}.Release|Any CPU.Build.0 = Release|Any CPU
		{F9D17D42-EC0A-4C34-9716-EC40BD3740E4}.Debug|Any CPU.ActiveCfg = Debug|Any CPU
		{F9D17D42-EC0A-4C34-9716-EC40BD3740E4}.Debug|Any CPU.Build.0 = Debug|Any CPU
		{F9D17D42-EC0A-4C34-9716-EC40BD3740E4}.Release|Any CPU.ActiveCfg = Release|Any CPU
		{F9D17D42-EC0A-4C34-9716-EC40BD3740E4}.Release|Any CPU.Build.0 = Release|Any CPU
		{A9E4C8D7-52B1-4D6A-90F3-7C2E1B8A5D44}.Debug|Any CPU.ActiveCfg = Debug|Any CPU
		{A9E4C8D7-52B1-4D6A-90F3-7C2E1B8A5D44}.Debug|Any CPU.Build.0 = Debug|Any CPU
		{A9E4C8D7-52B1-4D6A-90F3-7C2E1B8A5D44}.Release|Any CPU.ActiveCfg = Release|Any CPU
		{A9E4C8D7-52B1-4D6A-90F3-7C2E1B8A5D44}.Release|Any CPU.Build.0 = Release|Any CPU
		{2B234FC2-F97C-48A1-94B1-1E10EF3903BB}.Debug|Any CPU.ActiveCfg = Debug|Any CPU
		{2B234FC2-F97C-48A1-94B1-1E10EF3903BB}.Debug|Any CPU.Build.0 = Debug|Any CPU
		{2B234FC2-F97C-48A1-94B1-1E10EF3903BB}.Release|Any CPU.ActiveCfg = Release|Any CPU
		{2B234FC2-F97C-48A1-94B1-1E10EF3903BB}.Release|Any CPU.Build.0 = Release|Any CPU
		{174F23D2-404F-4779-BD3B-49D505B0CF30}.Debug|Any CPU.ActiveCfg = Debug|Any CPU
		{174F23D2-404F-4779-BD3B-49D505B0CF30}.Debug|Any CPU.Build.0 = Debug|Any CPU
		{174F23D2-404F-4779-BD3B-49D505B0CF30}.Release|Any CPU.ActiveCfg = Release|Any CPU
		{174F23D2-404F-4779-BD3B-49D505B0CF30}.Release|Any CPU.Build.0 = Release|Any CPU
		{C357301E-D453-495A-884D-3ACF8B138CE5}.Debug|Any CPU.ActiveCfg = Debug|Any CPU
		{C357301E-D453-495A-884D-3ACF8B138CE5}.Debug|Any CPU.Build.0 = Debug|Any CPU
		{C357301E-D453-495A-884D-3ACF8B138CE5}.Release|Any CPU.ActiveCfg = Release|Any CPU
		{C357301E-D453-495A-884D-3ACF8B138CE5}.Release|Any CPU.Build.0 = Release|Any CPU
		{4059CC4E-395B-41AE-A3D9-35CFA651CDDF}.Debug|Any CPU.ActiveCfg = Debug|Any CPU
		{4059CC4E-395B-41AE-A3D9-35CFA651CDDF}.Debug|Any CPU.Build.0 = Debug|Any CPU
		{4059CC4E-395B-41AE-A3D9-35CFA651CDDF}.Release|Any CPU.ActiveCfg = Release|Any CPU
		{4059CC4E-395B-41AE-A3D9-35CFA651CDDF}.Release|Any CPU.Build.0 = Release|Any CPU
		{05863DE0-DB71-442B-AA97-9E3D9D43226F}.Debug|Any CPU.ActiveCfg = Debug|Any CPU
		{05863DE0-DB71-442B-AA97-9E3D9D43226F}.Debug|Any CPU.Build.0 = Debug|Any CPU
		{05863DE0-DB71-442B-AA97-9E3D9D43226F}.Release|Any CPU.ActiveCfg = Release|Any CPU
		{05863DE0-DB71-442B-AA97-9E3D9D43226F}.Release|Any CPU.Build.0 = Release|Any CPU
		{D825956A-96D1-4CEE-9DD5-18C7F699CEF8}.Debug|Any CPU.ActiveCfg = Debug|Any CPU
		{D825956A-96D1-4CEE-9DD5-18C7F699CEF8}.Debug|Any CPU.Build.0 = Debug|Any CPU
		{D825956A-96D1-4CEE-9DD5-18C7F699CEF8}.Release|Any CPU.ActiveCfg = Release|Any CPU
		{D825956A-96D1-4CEE-9DD5-18C7F699CEF8}.Release|Any CPU.Build.0 = Release|Any CPU
	EndGlobalSection
	GlobalSection(NestedProjects) = preSolution
		{FEE2207A-719C-4347-99FB-C5FEEE6AF58C} = {3CAEB818-FE53-4616-AEA0-7AAA7EC5F699}
		{B763F8D1-526D-42A1-A95B-DA3677C2D2C3} = {3CAEB818-FE53-4616-AEA0-7AAA7EC5F699}
		{B3A477F7-7034-420F-B727-1EE3BA3BDF29} = {3CAEB818-FE53-4616-AEA0-7AAA7EC5F699}
		{3467D226-71DE-4926-B5F5-5BB082D59B74} = {3CAEB818-FE53-4616-AEA0-7AAA7EC5F699}
		{A1D742E1-61A3-4C8D-B65F-201236DE18A9} = {3CAEB818-FE53-4616-AEA0-7AAA7EC5F699}
		{B2E853F2-72B4-4D9E-A760-312347EF29BA} = {3CAEB818-FE53-4616-AEA0-7AAA7EC5F699}
		{C638DFA9-1092-4825-9139-479223D5C9B0} = {D23141BA-3005-422B-82C8-8357A01C7C12}
		{5530D973-488D-4A75-B06F-9177DB7AFDC3} = {D23141BA-3005-422B-82C8-8357A01C7C12}
		{A5CC165B-51A4-4B5A-9588-C72C13EF7C0D} = {D23141BA-3005-422B-82C8-8357A01C7C12}
		{7CF31B11-47CD-4A12-AD99-ECFA868E9DC3} = {D23141BA-3005-422B-82C8-8357A01C7C12}
		{91B5F4A1-ED4E-49F5-9D06-2A2C6D2D4A5F} = {D23141BA-3005-422B-82C8-8357A01C7C12}
		{C0BCFDC4-68F8-40F6-93B5-8127A4E7582B} = {D23141BA-3005-422B-82C8-8357A01C7C12}
		{F9D17D42-EC0A-4C34-9716-EC40BD3740E4} = {D23141BA-3005-422B-82C8-8357A01C7C12}
		{A9E4C8D7-52B1-4D6A-90F3-7C2E1B8A5D44} = {D23141BA-3005-422B-82C8-8357A01C7C12}
		{2B234FC2-F97C-48A1-94B1-1E10EF3903BB} = {D23141BA-3005-422B-82C8-8357A01C7C12}
		{174F23D2-404F-4779-BD3B-49D505B0CF30} = {3CAEB818-FE53-4616-AEA0-7AAA7EC5F699}
		{C357301E-D453-495A-884D-3ACF8B138CE5} = {3CAEB818-FE53-4616-AEA0-7AAA7EC5F699}
		{4059CC4E-395B-41AE-A3D9-35CFA651CDDF} = {3CAEB818-FE53-4616-AEA0-7AAA7EC5F699}
		{4E348DBA-2F90-44D0-BDEB-8F822334668A} = {D23141BA-3005-422B-82C8-8357A01C7C12}
		{05863DE0-DB71-442B-AA97-9E3D9D43226F} = {4E348DBA-2F90-44D0-BDEB-8F822334668A}
		{D825956A-96D1-4CEE-9DD5-18C7F699CEF8} = {4E348DBA-2F90-44D0-BDEB-8F822334668A}
	EndGlobalSection
EndGlobal
